
Microsoft Visual Studio Solution File, Format Version 12.00
# Visual Studio 15
VisualStudioVersion = 15.0.28307.1500
MinimumVisualStudioVersion = 10.0.40219.1
Project("{FAE04EC0-301F-11D3-BF4B-00C04F79EFBC}") = "ConsoleApp", "ConsoleApp\ConsoleApp.csproj", "{750BF886-5646-46FF-A7F4-1AFD7E56AE78}"
EndProject
Global
	GlobalSection(SolutionConfigurationPlatforms) = preSolution
		Debug|Any CPU = Debug|Any CPU
		Release|Any CPU = Release|Any CPU
	EndGlobalSection
	GlobalSection(ProjectConfigurationPlatforms) = postSolution
		{750BF886-5646-46FF-A7F4-1AFD7E56AE78}.Debug|Any CPU.ActiveCfg = Debug|Any CPU
		{750BF886-5646-46FF-A7F4-1AFD7E56AE78}.Debug|Any CPU.Build.0 = Debug|Any CPU
		{750BF886-5646-46FF-A7F4-1AFD7E56AE78}.Release|Any CPU.ActiveCfg = Release|Any CPU
		{750BF886-5646-46FF-A7F4-1AFD7E56AE78}.Release|Any CPU.Build.0 = Release|Any CPU
	EndGlobalSection
	GlobalSection(SolutionProperties) = preSolution
		HideSolutionNode = FALSE
	EndGlobalSection
	GlobalSection(ExtensibilityGlobals) = postSolution
		SolutionGuid = {F4D195FE-132E-4829-9AF1-BDE9DAB69239}
	EndGlobalSection
EndGlobal
